
Microsoft Visual Studio Solution File, Format Version 12.00
# Visual Studio Version 17
VisualStudioVersion = 17.0.31903.59
MinimumVisualStudioVersion = 10.0.40219.1
Project("{FAE04EC0-301F-11D3-BF4B-00C04F79EFBC}") = "Common", "backend\Common\Common.csproj", "{A1B1C1D1-E1F1-4A5B-8C9D-1E2F3A4B5C6D}"
EndProject
Project("{FAE04EC0-301F-11D3-BF4B-00C04F79EFBC}") = "Data", "backend\Data\Data.csproj", "{B2C2D2E2-F2A2-4B6C-9D0E-2F3A4B5C6D7E}"
EndProject
Project("{FAE04EC0-301F-11D3-BF4B-00C04F79EFBC}") = "DataAccess", "backend\DataAccess\DataAccess.csproj", "{C3D3E3F3-A3B3-4C7D-0E1F-3A4B5C6D7E8F}"
EndProject
Project("{FAE04EC0-301F-11D3-BF4B-00C04F79EFBC}") = "Application", "backend\Application\Application.csproj", "{E5F5A5B5-C5D5-4E9F-2A3B-5C6D7E8F9A0B}"
EndProject
Project("{FAE04EC0-301F-11D3-BF4B-00C04F79EFBC}") = "API", "backend\API\API.csproj", "{D4E4F4A4-B4C4-4D8E-1F2A-4B5C6D7E8F9A}"
EndProject
Project("{2150E333-8FDC-42A3-9474-1A3956D46DE8}") = "tests", "tests", "{0AB3BF05-4346-4AA6-1389-037BE0695223}"
EndProject
Project("{FAE04EC0-301F-11D3-BF4B-00C04F79EFBC}") = "Application.Tests", "tests\Application.Tests\Application.Tests.csproj", "{8D95E77C-1956-46DC-8EB9-48E0F8C750BD}"
EndProject
Project("{2150E333-8FDC-42A3-9474-1A3956D46DE8}") = "backend", "backend", "{1AE8ACA6-933B-BF2A-3671-3E2EAC007D16}"
EndProject
Project("{FAE04EC0-301F-11D3-BF4B-00C04F79EFBC}") = "DataAccess.IntegrationTests", "tests\DataAccess.IntegrationTests\DataAccess.IntegrationTests.csproj", "{20E91244-80B1-41CF-8882-C45D52987B01}"
EndProject
Global
	GlobalSection(SolutionConfigurationPlatforms) = preSolution
		Debug|Any CPU = Debug|Any CPU
		Debug|x64 = Debug|x64
		Debug|x86 = Debug|x86
		Release|Any CPU = Release|Any CPU
		Release|x64 = Release|x64
		Release|x86 = Release|x86
	EndGlobalSection
	GlobalSection(ProjectConfigurationPlatforms) = postSolution
		{A1B1C1D1-E1F1-4A5B-8C9D-1E2F3A4B5C6D}.Debug|Any CPU.ActiveCfg = Debug|Any CPU
		{A1B1C1D1-E1F1-4A5B-8C9D-1E2F3A4B5C6D}.Debug|Any CPU.Build.0 = Debug|Any CPU
		{A1B1C1D1-E1F1-4A5B-8C9D-1E2F3A4B5C6D}.Debug|x64.ActiveCfg = Debug|Any CPU
		{A1B1C1D1-E1F1-4A5B-8C9D-1E2F3A4B5C6D}.Debug|x64.Build.0 = Debug|Any CPU
		{A1B1C1D1-E1F1-4A5B-8C9D-1E2F3A4B5C6D}.Debug|x86.ActiveCfg = Debug|Any CPU
		{A1B1C1D1-E1F1-4A5B-8C9D-1E2F3A4B5C6D}.Debug|x86.Build.0 = Debug|Any CPU
		{A1B1C1D1-E1F1-4A5B-8C9D-1E2F3A4B5C6D}.Release|Any CPU.ActiveCfg = Release|Any CPU
		{A1B1C1D1-E1F1-4A5B-8C9D-1E2F3A4B5C6D}.Release|Any CPU.Build.0 = Release|Any CPU
		{A1B1C1D1-E1F1-4A5B-8C9D-1E2F3A4B5C6D}.Release|x64.ActiveCfg = Release|Any CPU
		{A1B1C1D1-E1F1-4A5B-8C9D-1E2F3A4B5C6D}.Release|x64.Build.0 = Release|Any CPU
		{A1B1C1D1-E1F1-4A5B-8C9D-1E2F3A4B5C6D}.Release|x86.ActiveCfg = Release|Any CPU
		{A1B1C1D1-E1F1-4A5B-8C9D-1E2F3A4B5C6D}.Release|x86.Build.0 = Release|Any CPU
		{B2C2D2E2-F2A2-4B6C-9D0E-2F3A4B5C6D7E}.Debug|Any CPU.ActiveCfg = Debug|Any CPU
		{B2C2D2E2-F2A2-4B6C-9D0E-2F3A4B5C6D7E}.Debug|Any CPU.Build.0 = Debug|Any CPU
		{B2C2D2E2-F2A2-4B6C-9D0E-2F3A4B5C6D7E}.Debug|x64.ActiveCfg = Debug|Any CPU
		{B2C2D2E2-F2A2-4B6C-9D0E-2F3A4B5C6D7E}.Debug|x64.Build.0 = Debug|Any CPU
		{B2C2D2E2-F2A2-4B6C-9D0E-2F3A4B5C6D7E}.Debug|x86.ActiveCfg = Debug|Any CPU
		{B2C2D2E2-F2A2-4B6C-9D0E-2F3A4B5C6D7E}.Debug|x86.Build.0 = Debug|Any CPU
		{B2C2D2E2-F2A2-4B6C-9D0E-2F3A4B5C6D7E}.Release|Any CPU.ActiveCfg = Release|Any CPU
		{B2C2D2E2-F2A2-4B6C-9D0E-2F3A4B5C6D7E}.Release|Any CPU.Build.0 = Release|Any CPU
		{B2C2D2E2-F2A2-4B6C-9D0E-2F3A4B5C6D7E}.Release|x64.ActiveCfg = Release|Any CPU
		{B2C2D2E2-F2A2-4B6C-9D0E-2F3A4B5C6D7E}.Release|x64.Build.0 = Release|Any CPU
		{B2C2D2E2-F2A2-4B6C-9D0E-2F3A4B5C6D7E}.Release|x86.ActiveCfg = Release|Any CPU
		{B2C2D2E2-F2A2-4B6C-9D0E-2F3A4B5C6D7E}.Release|x86.Build.0 = Release|Any CPU
		{C3D3E3F3-A3B3-4C7D-0E1F-3A4B5C6D7E8F}.Debug|Any CPU.ActiveCfg = Debug|Any CPU
		{C3D3E3F3-A3B3-4C7D-0E1F-3A4B5C6D7E8F}.Debug|Any CPU.Build.0 = Debug|Any CPU
		{C3D3E3F3-A3B3-4C7D-0E1F-3A4B5C6D7E8F}.Debug|x64.ActiveCfg = Debug|Any CPU
		{C3D3E3F3-A3B3-4C7D-0E1F-3A4B5C6D7E8F}.Debug|x64.Build.0 = Debug|Any CPU
		{C3D3E3F3-A3B3-4C7D-0E1F-3A4B5C6D7E8F}.Debug|x86.ActiveCfg = Debug|Any CPU
		{C3D3E3F3-A3B3-4C7D-0E1F-3A4B5C6D7E8F}.Debug|x86.Build.0 = Debug|Any CPU
		{C3D3E3F3-A3B3-4C7D-0E1F-3A4B5C6D7E8F}.Release|Any CPU.ActiveCfg = Release|Any CPU
		{C3D3E3F3-A3B3-4C7D-0E1F-3A4B5C6D7E8F}.Release|Any CPU.Build.0 = Release|Any CPU
		{C3D3E3F3-A3B3-4C7D-0E1F-3A4B5C6D7E8F}.Release|x64.ActiveCfg = Release|Any CPU
		{C3D3E3F3-A3B3-4C7D-0E1F-3A4B5C6D7E8F}.Release|x64.Build.0 = Release|Any CPU
		{C3D3E3F3-A3B3-4C7D-0E1F-3A4B5C6D7E8F}.Release|x86.ActiveCfg = Release|Any CPU
		{C3D3E3F3-A3B3-4C7D-0E1F-3A4B5C6D7E8F}.Release|x86.Build.0 = Release|Any CPU
		{E5F5A5B5-C5D5-4E9F-2A3B-5C6D7E8F9A0B}.Debug|Any CPU.ActiveCfg = Debug|Any CPU
		{E5F5A5B5-C5D5-4E9F-2A3B-5C6D7E8F9A0B}.Debug|Any CPU.Build.0 = Debug|Any CPU
		{E5F5A5B5-C5D5-4E9F-2A3B-5C6D7E8F9A0B}.Debug|x64.ActiveCfg = Debug|Any CPU
		{E5F5A5B5-C5D5-4E9F-2A3B-5C6D7E8F9A0B}.Debug|x64.Build.0 = Debug|Any CPU
		{E5F5A5B5-C5D5-4E9F-2A3B-5C6D7E8F9A0B}.Debug|x86.ActiveCfg = Debug|Any CPU
		{E5F5A5B5-C5D5-4E9F-2A3B-5C6D7E8F9A0B}.Debug|x86.Build.0 = Debug|Any CPU
		{E5F5A5B5-C5D5-4E9F-2A3B-5C6D7E8F9A0B}.Release|Any CPU.ActiveCfg = Release|Any CPU
		{E5F5A5B5-C5D5-4E9F-2A3B-5C6D7E8F9A0B}.Release|Any CPU.Build.0 = Release|Any CPU
		{E5F5A5B5-C5D5-4E9F-2A3B-5C6D7E8F9A0B}.Release|x64.ActiveCfg = Release|Any CPU
		{E5F5A5B5-C5D5-4E9F-2A3B-5C6D7E8F9A0B}.Release|x64.Build.0 = Release|Any CPU
		{E5F5A5B5-C5D5-4E9F-2A3B-5C6D7E8F9A0B}.Release|x86.ActiveCfg = Release|Any CPU
		{E5F5A5B5-C5D5-4E9F-2A3B-5C6D7E8F9A0B}.Release|x86.Build.0 = Release|Any CPU
		{D4E4F4A4-B4C4-4D8E-1F2A-4B5C6D7E8F9A}.Debug|Any CPU.ActiveCfg = Debug|Any CPU
		{D4E4F4A4-B4C4-4D8E-1F2A-4B5C6D7E8F9A}.Debug|Any CPU.Build.0 = Debug|Any CPU
		{D4E4F4A4-B4C4-4D8E-1F2A-4B5C6D7E8F9A}.Debug|x64.ActiveCfg = Debug|Any CPU
		{D4E4F4A4-B4C4-4D8E-1F2A-4B5C6D7E8F9A}.Debug|x64.Build.0 = Debug|Any CPU
		{D4E4F4A4-B4C4-4D8E-1F2A-4B5C6D7E8F9A}.Debug|x86.ActiveCfg = Debug|Any CPU
		{D4E4F4A4-B4C4-4D8E-1F2A-4B5C6D7E8F9A}.Debug|x86.Build.0 = Debug|Any CPU
		{D4E4F4A4-B4C4-4D8E-1F2A-4B5C6D7E8F9A}.Release|Any CPU.ActiveCfg = Release|Any CPU
		{D4E4F4A4-B4C4-4D8E-1F2A-4B5C6D7E8F9A}.Release|Any CPU.Build.0 = Release|Any CPU
		{D4E4F4A4-B4C4-4D8E-1F2A-4B5C6D7E8F9A}.Release|x64.ActiveCfg = Release|Any CPU
		{D4E4F4A4-B4C4-4D8E-1F2A-4B5C6D7E8F9A}.Release|x64.Build.0 = Release|Any CPU
		{D4E4F4A4-B4C4-4D8E-1F2A-4B5C6D7E8F9A}.Release|x86.ActiveCfg = Release|Any CPU
		{D4E4F4A4-B4C4-4D8E-1F2A-4B5C6D7E8F9A}.Release|x86.Build.0 = Release|Any CPU
		{8D95E77C-1956-46DC-8EB9-48E0F8C750BD}.Debug|Any CPU.ActiveCfg = Debug|Any CPU
		{8D95E77C-1956-46DC-8EB9-48E0F8C750BD}.Debug|Any CPU.Build.0 = Debug|Any CPU
		{8D95E77C-1956-46DC-8EB9-48E0F8C750BD}.Debug|x64.ActiveCfg = Debug|Any CPU
		{8D95E77C-1956-46DC-8EB9-48E0F8C750BD}.Debug|x64.Build.0 = Debug|Any CPU
		{8D95E77C-1956-46DC-8EB9-48E0F8C750BD}.Debug|x86.ActiveCfg = Debug|Any CPU
		{8D95E77C-1956-46DC-8EB9-48E0F8C750BD}.Debug|x86.Build.0 = Debug|Any CPU
		{8D95E77C-1956-46DC-8EB9-48E0F8C750BD}.Release|Any CPU.ActiveCfg = Release|Any CPU
		{8D95E77C-1956-46DC-8EB9-48E0F8C750BD}.Release|Any CPU.Build.0 = Release|Any CPU
		{8D95E77C-1956-46DC-8EB9-48E0F8C750BD}.Release|x64.ActiveCfg = Release|Any CPU
		{8D95E77C-1956-46DC-8EB9-48E0F8C750BD}.Release|x64.Build.0 = Release|Any CPU
		{8D95E77C-1956-46DC-8EB9-48E0F8C750BD}.Release|x86.ActiveCfg = Release|Any CPU
		{8D95E77C-1956-46DC-8EB9-48E0F8C750BD}.Release|x86.Build.0 = Release|Any CPU
		{20E91244-80B1-41CF-8882-C45D52987B01}.Debug|Any CPU.ActiveCfg = Debug|Any CPU
		{20E91244-80B1-41CF-8882-C45D52987B01}.Debug|Any CPU.Build.0 = Debug|Any CPU
		{20E91244-80B1-41CF-8882-C45D52987B01}.Debug|x64.ActiveCfg = Debug|Any CPU
		{20E91244-80B1-41CF-8882-C45D52987B01}.Debug|x64.Build.0 = Debug|Any CPU
		{20E91244-80B1-41CF-8882-C45D52987B01}.Debug|x86.ActiveCfg = Debug|Any CPU
		{20E91244-80B1-41CF-8882-C45D52987B01}.Debug|x86.Build.0 = Debug|Any CPU
		{20E91244-80B1-41CF-8882-C45D52987B01}.Release|Any CPU.ActiveCfg = Release|Any CPU
		{20E91244-80B1-41CF-8882-C45D52987B01}.Release|Any CPU.Build.0 = Release|Any CPU
		{20E91244-80B1-41CF-8882-C45D52987B01}.Release|x64.ActiveCfg = Release|Any CPU
		{20E91244-80B1-41CF-8882-C45D52987B01}.Release|x64.Build.0 = Release|Any CPU
		{20E91244-80B1-41CF-8882-C45D52987B01}.Release|x86.ActiveCfg = Release|Any CPU
		{20E91244-80B1-41CF-8882-C45D52987B01}.Release|x86.Build.0 = Release|Any CPU
	EndGlobalSection
	GlobalSection(SolutionProperties) = preSolution
		HideSolutionNode = FALSE
	EndGlobalSection
	GlobalSection(NestedProjects) = preSolution
		{8D95E77C-1956-46DC-8EB9-48E0F8C750BD} = {0AB3BF05-4346-4AA6-1389-037BE0695223}
		{20E91244-80B1-41CF-8882-C45D52987B01} = {0AB3BF05-4346-4AA6-1389-037BE0695223}
	EndGlobalSection
EndGlobal
